
Microsoft Visual Studio Solution File, Format Version 12.00
# Visual Studio Version 16
VisualStudioVersion = 16.0.30204.135
MinimumVisualStudioVersion = 10.0.40219.1
Project("{9A19103F-16F7-4668-BE54-9A1E7A4F7556}") = "Vettvangur.IcelandAuth", "Vettvangur.IcelandAuth\Vettvangur.IcelandAuth.csproj", "{E1458E3F-4385-4F2F-91F6-E471882DE8BB}"
EndProject
Project("{2150E333-8FDC-42A3-9474-1A3956D46DE8}") = "Solution Items", "Solution Items", "{55717B31-E08A-4541-AA5A-93DA4E08CEA5}"
	ProjectSection(SolutionItems) = preProject
		.editorconfig = .editorconfig
		..\.gitignore = ..\.gitignore
		..\azure-pipelines.yml = ..\azure-pipelines.yml
		..\LICENSE = ..\LICENSE
		..\README.md = ..\README.md
		..\release-build-push.ps1 = ..\release-build-push.ps1
	EndProjectSection
EndProject
Project("{2150E333-8FDC-42A3-9474-1A3956D46DE8}") = "Samples", "Samples", "{8659C66E-8DC8-47CF-B2EB-E042227F53E2}"
EndProject
Project("{FAE04EC0-301F-11D3-BF4B-00C04F79EFBC}") = "Vettvangur.IcelandAuth.UmbracoShared", "Vettvangur.IcelandAuth.UmbracoShared\Vettvangur.IcelandAuth.UmbracoShared.csproj", "{28FBA9D5-073F-42D3-9339-A59460ABC1E1}"
EndProject
Project("{2150E333-8FDC-42A3-9474-1A3956D46DE8}") = "Tests", "Tests", "{6D9D6481-B6C3-4102-8FF7-8749CB44565B}"
EndProject
Project("{9A19103F-16F7-4668-BE54-9A1E7A4F7556}") = "Vettvangur.IcelandAuth.Tests", "Vettvangur.IcelandAuth.Tests\Vettvangur.IcelandAuth.Tests.csproj", "{498177F8-02FF-4375-9728-BB22F5829BFA}"
EndProject
Project("{9A19103F-16F7-4668-BE54-9A1E7A4F7556}") = "Vettvangur.IcelandAuth.Umbraco8", "Vettvangur.IcelandAuth.Umbraco8\Vettvangur.IcelandAuth.Umbraco8.csproj", "{9790656B-A50A-43E5-B039-4404E4EB9BB4}"
EndProject
Project("{9A19103F-16F7-4668-BE54-9A1E7A4F7556}") = "Vettvangur.IcelandAuth.Umbraco7", "Vettvangur.IcelandAuth.Umbraco7\Vettvangur.IcelandAuth.Umbraco7.csproj", "{9DF46469-D251-4C25-8079-51CF54986698}"
EndProject
Project("{9A19103F-16F7-4668-BE54-9A1E7A4F7556}") = "AspNetCoreSample", "Samples\AspNetCoreSample\AspNetCoreSample.csproj", "{DF8D3F79-6FA6-422E-A7FD-A9AFED9A177F}"
EndProject
Project("{9A19103F-16F7-4668-BE54-9A1E7A4F7556}") = "Net5Sample", "Samples\Net5Sample\Net5Sample.csproj", "{A2DBE8AF-733B-44F6-89BE-9B27CA9D2DEA}"
EndProject
Project("{FAE04EC0-301F-11D3-BF4B-00C04F79EFBC}") = "Umbraco7Sample", "Samples\Umbraco7Sample\Umbraco7Sample.csproj", "{11B18DD8-10EA-48D7-91E3-5CC972B26F63}"
EndProject
Project("{FAE04EC0-301F-11D3-BF4B-00C04F79EFBC}") = "Umbraco8Sample", "Samples\Umbraco8Sample\Umbraco8Sample.csproj", "{CF9DC300-74F5-4578-B9A4-D46B8E736297}"
EndProject
Project("{E24C65DC-7377-472B-9ABA-BC803B73C61A}") = "SamplesFrontend", "Samples\SamplesFrontend\", "{E301303B-6A35-4621-8D15-F23A49E02602}"
	ProjectSection(WebsiteProperties) = preProject
		TargetFrameworkMoniker = ".NETFramework,Version%3Dv4.0"
		Debug.AspNetCompiler.VirtualPath = "/localhost_5052"
		Debug.AspNetCompiler.PhysicalPath = "Samples\SamplesFrontend\"
		Debug.AspNetCompiler.TargetPath = "PrecompiledWeb\localhost_5052\"
		Debug.AspNetCompiler.Updateable = "true"
		Debug.AspNetCompiler.ForceOverwrite = "true"
		Debug.AspNetCompiler.FixedNames = "false"
		Debug.AspNetCompiler.Debug = "True"
		Release.AspNetCompiler.VirtualPath = "/localhost_5052"
		Release.AspNetCompiler.PhysicalPath = "Samples\SamplesFrontend\"
		Release.AspNetCompiler.TargetPath = "PrecompiledWeb\localhost_5052\"
		Release.AspNetCompiler.Updateable = "true"
		Release.AspNetCompiler.ForceOverwrite = "true"
		Release.AspNetCompiler.FixedNames = "false"
		Release.AspNetCompiler.Debug = "False"
		VWDPort = "5052"
		SlnRelativePath = "Samples\SamplesFrontend\"
	EndProjectSection
EndProject
Global
	GlobalSection(SolutionConfigurationPlatforms) = preSolution
		Debug|Any CPU = Debug|Any CPU
		Release|Any CPU = Release|Any CPU
	EndGlobalSection
	GlobalSection(ProjectConfigurationPlatforms) = postSolution
		{E1458E3F-4385-4F2F-91F6-E471882DE8BB}.Debug|Any CPU.ActiveCfg = Debug|Any CPU
		{E1458E3F-4385-4F2F-91F6-E471882DE8BB}.Debug|Any CPU.Build.0 = Debug|Any CPU
		{E1458E3F-4385-4F2F-91F6-E471882DE8BB}.Release|Any CPU.ActiveCfg = Release|Any CPU
		{E1458E3F-4385-4F2F-91F6-E471882DE8BB}.Release|Any CPU.Build.0 = Release|Any CPU
		{28FBA9D5-073F-42D3-9339-A59460ABC1E1}.Debug|Any CPU.ActiveCfg = Debug|Any CPU
		{28FBA9D5-073F-42D3-9339-A59460ABC1E1}.Release|Any CPU.ActiveCfg = Release|Any CPU
		{498177F8-02FF-4375-9728-BB22F5829BFA}.Debug|Any CPU.ActiveCfg = Debug|Any CPU
		{498177F8-02FF-4375-9728-BB22F5829BFA}.Debug|Any CPU.Build.0 = Debug|Any CPU
		{498177F8-02FF-4375-9728-BB22F5829BFA}.Release|Any CPU.ActiveCfg = Release|Any CPU
		{498177F8-02FF-4375-9728-BB22F5829BFA}.Release|Any CPU.Build.0 = Release|Any CPU
		{9790656B-A50A-43E5-B039-4404E4EB9BB4}.Debug|Any CPU.ActiveCfg = Debug|Any CPU
		{9790656B-A50A-43E5-B039-4404E4EB9BB4}.Debug|Any CPU.Build.0 = Debug|Any CPU
		{9790656B-A50A-43E5-B039-4404E4EB9BB4}.Release|Any CPU.ActiveCfg = Release|Any CPU
		{9790656B-A50A-43E5-B039-4404E4EB9BB4}.Release|Any CPU.Build.0 = Release|Any CPU
		{9DF46469-D251-4C25-8079-51CF54986698}.Debug|Any CPU.ActiveCfg = Debug|Any CPU
		{9DF46469-D251-4C25-8079-51CF54986698}.Debug|Any CPU.Build.0 = Debug|Any CPU
		{9DF46469-D251-4C25-8079-51CF54986698}.Release|Any CPU.ActiveCfg = Release|Any CPU
		{9DF46469-D251-4C25-8079-51CF54986698}.Release|Any CPU.Build.0 = Release|Any CPU
		{DF8D3F79-6FA6-422E-A7FD-A9AFED9A177F}.Debug|Any CPU.ActiveCfg = Debug|Any CPU
		{DF8D3F79-6FA6-422E-A7FD-A9AFED9A177F}.Debug|Any CPU.Build.0 = Debug|Any CPU
		{DF8D3F79-6FA6-422E-A7FD-A9AFED9A177F}.Release|Any CPU.ActiveCfg = Release|Any CPU
		{DF8D3F79-6FA6-422E-A7FD-A9AFED9A177F}.Release|Any CPU.Build.0 = Release|Any CPU
		{A2DBE8AF-733B-44F6-89BE-9B27CA9D2DEA}.Debug|Any CPU.ActiveCfg = Debug|Any CPU
		{A2DBE8AF-733B-44F6-89BE-9B27CA9D2DEA}.Debug|Any CPU.Build.0 = Debug|Any CPU
		{A2DBE8AF-733B-44F6-89BE-9B27CA9D2DEA}.Release|Any CPU.ActiveCfg = Release|Any CPU
		{A2DBE8AF-733B-44F6-89BE-9B27CA9D2DEA}.Release|Any CPU.Build.0 = Release|Any CPU
		{11B18DD8-10EA-48D7-91E3-5CC972B26F63}.Debug|Any CPU.ActiveCfg = Debug|Any CPU
		{11B18DD8-10EA-48D7-91E3-5CC972B26F63}.Debug|Any CPU.Build.0 = Debug|Any CPU
		{11B18DD8-10EA-48D7-91E3-5CC972B26F63}.Release|Any CPU.ActiveCfg = Release|Any CPU
		{11B18DD8-10EA-48D7-91E3-5CC972B26F63}.Release|Any CPU.Build.0 = Release|Any CPU
		{CF9DC300-74F5-4578-B9A4-D46B8E736297}.Debug|Any CPU.ActiveCfg = Debug|Any CPU
		{CF9DC300-74F5-4578-B9A4-D46B8E736297}.Debug|Any CPU.Build.0 = Debug|Any CPU
		{CF9DC300-74F5-4578-B9A4-D46B8E736297}.Release|Any CPU.ActiveCfg = Release|Any CPU
		{CF9DC300-74F5-4578-B9A4-D46B8E736297}.Release|Any CPU.Build.0 = Release|Any CPU
		{E301303B-6A35-4621-8D15-F23A49E02602}.Debug|Any CPU.ActiveCfg = Debug|Any CPU
		{E301303B-6A35-4621-8D15-F23A49E02602}.Release|Any CPU.ActiveCfg = Debug|Any CPU
	EndGlobalSection
	GlobalSection(SolutionProperties) = preSolution
		HideSolutionNode = FALSE
	EndGlobalSection
	GlobalSection(NestedProjects) = preSolution
		{498177F8-02FF-4375-9728-BB22F5829BFA} = {6D9D6481-B6C3-4102-8FF7-8749CB44565B}
		{DF8D3F79-6FA6-422E-A7FD-A9AFED9A177F} = {8659C66E-8DC8-47CF-B2EB-E042227F53E2}
		{A2DBE8AF-733B-44F6-89BE-9B27CA9D2DEA} = {8659C66E-8DC8-47CF-B2EB-E042227F53E2}
		{11B18DD8-10EA-48D7-91E3-5CC972B26F63} = {8659C66E-8DC8-47CF-B2EB-E042227F53E2}
		{CF9DC300-74F5-4578-B9A4-D46B8E736297} = {8659C66E-8DC8-47CF-B2EB-E042227F53E2}
		{E301303B-6A35-4621-8D15-F23A49E02602} = {8659C66E-8DC8-47CF-B2EB-E042227F53E2}
	EndGlobalSection
	GlobalSection(ExtensibilityGlobals) = postSolution
		SolutionGuid = {021250CD-B3C9-4C20-B71E-143525F4586F}
	EndGlobalSection
EndGlobal
